// !$*UTF8*$!
{
	archiveVersion = 1;
	classes = {
	};
	objectVersion = 46;
	objects = {

/* Begin PBXBuildFile section */
		51001B701B0CF167000F7BB1 /* Pergunta.swift in Sources */ = {isa = PBXBuildFile; fileRef = 51001B6F1B0CF167000F7BB1 /* Pergunta.swift */; };
		5115A0691B18D1B700184893 /* Usuario.swift in Sources */ = {isa = PBXBuildFile; fileRef = 5115A0681B18D1B700184893 /* Usuario.swift */; };
		5115A06B1B18D1B700184893 /* Opcao.swift in Sources */ = {isa = PBXBuildFile; fileRef = 5115A06A1B18D1B700184893 /* Opcao.swift */; };
		5115A06D1B18D1B700184893 /* PerguntaC.swift in Sources */ = {isa = PBXBuildFile; fileRef = 5115A06C1B18D1B700184893 /* PerguntaC.swift */; };
		5115A06F1B18D1B800184893 /* Exatas.swift in Sources */ = {isa = PBXBuildFile; fileRef = 5115A06E1B18D1B800184893 /* Exatas.swift */; };
		5115A0711B18D55600184893 /* ExatasManager.swift in Sources */ = {isa = PBXBuildFile; fileRef = 5115A0701B18D55600184893 /* ExatasManager.swift */; };
		5115A0731B18D7DB00184893 /* PerguntaCManager.swift in Sources */ = {isa = PBXBuildFile; fileRef = 5115A0721B18D7DB00184893 /* PerguntaCManager.swift */; };
		5115A0751B18D8E800184893 /* OpcaoManager.swift in Sources */ = {isa = PBXBuildFile; fileRef = 5115A0741B18D8E800184893 /* OpcaoManager.swift */; };
		5142BDCA1B0CFC88005375C6 /* Materia.swift in Sources */ = {isa = PBXBuildFile; fileRef = 5142BDC91B0CFC88005375C6 /* Materia.swift */; };
		51628C091B0510250039DA34 /* Bolts.framework in Frameworks */ = {isa = PBXBuildFile; fileRef = 51628C031B0510250039DA34 /* Bolts.framework */; };
		51628C0A1B0510250039DA34 /* Parse.framework in Frameworks */ = {isa = PBXBuildFile; fileRef = 51628C041B0510250039DA34 /* Parse.framework */; };
		51628C0B1B0510250039DA34 /* ParseCrashReporting.framework in Frameworks */ = {isa = PBXBuildFile; fileRef = 51628C051B0510250039DA34 /* ParseCrashReporting.framework */; };
		51628C0C1B0510250039DA34 /* ParseFacebookUtils.framework in Frameworks */ = {isa = PBXBuildFile; fileRef = 51628C061B0510250039DA34 /* ParseFacebookUtils.framework */; };
		51628C0D1B0510250039DA34 /* ParseFacebookUtilsV4.framework in Frameworks */ = {isa = PBXBuildFile; fileRef = 51628C071B0510250039DA34 /* ParseFacebookUtilsV4.framework */; };
		51628C0E1B0510250039DA34 /* ParseUI.framework in Frameworks */ = {isa = PBXBuildFile; fileRef = 51628C081B0510250039DA34 /* ParseUI.framework */; };
		51628C101B05107A0039DA34 /* libstdc++.dylib in Frameworks */ = {isa = PBXBuildFile; fileRef = 51628C0F1B05107A0039DA34 /* libstdc++.dylib */; };
		51628C121B0510850039DA34 /* MobileCoreServices.framework in Frameworks */ = {isa = PBXBuildFile; fileRef = 51628C111B0510850039DA34 /* MobileCoreServices.framework */; };
		51628C141B0510920039DA34 /* SystemConfiguration.framework in Frameworks */ = {isa = PBXBuildFile; fileRef = 51628C131B0510920039DA34 /* SystemConfiguration.framework */; };
		51628C161B05109A0039DA34 /* AudioToolbox.framework in Frameworks */ = {isa = PBXBuildFile; fileRef = 51628C151B05109A0039DA34 /* AudioToolbox.framework */; };
		51628C181B0510A70039DA34 /* libsqlite3.dylib in Frameworks */ = {isa = PBXBuildFile; fileRef = 51628C171B0510A70039DA34 /* libsqlite3.dylib */; };
		51628C1B1B0510FE0039DA34 /* MiniChallenge3-Bridging-Header.m in Sources */ = {isa = PBXBuildFile; fileRef = 51628C1A1B0510FE0039DA34 /* MiniChallenge3-Bridging-Header.m */; };
		51628C1D1B0511680039DA34 /* libz.dylib in Frameworks */ = {isa = PBXBuildFile; fileRef = 51628C1C1B0511680039DA34 /* libz.dylib */; };
		51628C1F1B0511730039DA34 /* StoreKit.framework in Frameworks */ = {isa = PBXBuildFile; fileRef = 51628C1E1B0511730039DA34 /* StoreKit.framework */; };
		51628C211B05117B0039DA34 /* Security.framework in Frameworks */ = {isa = PBXBuildFile; fileRef = 51628C201B05117B0039DA34 /* Security.framework */; };
		51628C231B0511840039DA34 /* QuartzCore.framework in Frameworks */ = {isa = PBXBuildFile; fileRef = 51628C221B0511840039DA34 /* QuartzCore.framework */; };
		51628C261B0532DF0039DA34 /* CategoryCell.swift in Sources */ = {isa = PBXBuildFile; fileRef = 51628C251B0532DF0039DA34 /* CategoryCell.swift */; };
		8F6360471B0D01B500DEEA09 /* Content2Cell.swift in Sources */ = {isa = PBXBuildFile; fileRef = 8F6360461B0D01B500DEEA09 /* Content2Cell.swift */; };
		8F6360491B0D034300DEEA09 /* Content3Cell.swift in Sources */ = {isa = PBXBuildFile; fileRef = 8F6360481B0D034300DEEA09 /* Content3Cell.swift */; };
		8F6360B01B0F98A500DEEA09 /* SwiftyJSON.swift in Sources */ = {isa = PBXBuildFile; fileRef = 8F6360AF1B0F98A500DEEA09 /* SwiftyJSON.swift */; };
		8F6360B21B0F991400DEEA09 /* Config.swift in Sources */ = {isa = PBXBuildFile; fileRef = 8F6360B11B0F991400DEEA09 /* Config.swift */; };
		8F86BD6F1B0CFB7B00C39AD0 /* Content1Cell.swift in Sources */ = {isa = PBXBuildFile; fileRef = 8F86BD6E1B0CFB7B00C39AD0 /* Content1Cell.swift */; };
		8F86BD711B0CFEE700C39AD0 /* QuizViewController.swift in Sources */ = {isa = PBXBuildFile; fileRef = 8F86BD701B0CFEE600C39AD0 /* QuizViewController.swift */; };
		8FC5FB041B08E73600231470 /* ContentViewController.swift in Sources */ = {isa = PBXBuildFile; fileRef = 8FC5FB031B08E73600231470 /* ContentViewController.swift */; };
		8FC5FB071B08EC7F00231470 /* TransitionManager.swift in Sources */ = {isa = PBXBuildFile; fileRef = 8FC5FB061B08EC7F00231470 /* TransitionManager.swift */; };
		8FCD88DF1B18EFD000D33E0C /* QuizListViewController.swift in Sources */ = {isa = PBXBuildFile; fileRef = 8FCD88DE1B18EFD000D33E0C /* QuizListViewController.swift */; };
		8FCD88E11B18F8D400D33E0C /* QuizListCell.swift in Sources */ = {isa = PBXBuildFile; fileRef = 8FCD88E01B18F8D400D33E0C /* QuizListCell.swift */; };
		8FCD88E31B18FA1B00D33E0C /* QuizListHeaderCell.swift in Sources */ = {isa = PBXBuildFile; fileRef = 8FCD88E21B18FA1B00D33E0C /* QuizListHeaderCell.swift */; };
		8FDE841B1B011AFD008EB0CA /* AppDelegate.swift in Sources */ = {isa = PBXBuildFile; fileRef = 8FDE841A1B011AFD008EB0CA /* AppDelegate.swift */; };
		8FDE841E1B011AFD008EB0CA /* MiniChallenge3.xcdatamodeld in Sources */ = {isa = PBXBuildFile; fileRef = 8FDE841C1B011AFD008EB0CA /* MiniChallenge3.xcdatamodeld */; };
		8FDE84231B011AFD008EB0CA /* Main.storyboard in Resources */ = {isa = PBXBuildFile; fileRef = 8FDE84211B011AFD008EB0CA /* Main.storyboard */; };
		8FDE84251B011AFD008EB0CA /* Images.xcassets in Resources */ = {isa = PBXBuildFile; fileRef = 8FDE84241B011AFD008EB0CA /* Images.xcassets */; };
		8FDE84281B011AFD008EB0CA /* LaunchScreen.xib in Resources */ = {isa = PBXBuildFile; fileRef = 8FDE84261B011AFD008EB0CA /* LaunchScreen.xib */; };
		8FDE84341B011AFD008EB0CA /* MiniChallenge3Tests.swift in Sources */ = {isa = PBXBuildFile; fileRef = 8FDE84331B011AFD008EB0CA /* MiniChallenge3Tests.swift */; };
		8FDE84411B012E1A008EB0CA /* SubjectViewController.swift in Sources */ = {isa = PBXBuildFile; fileRef = 8FDE84401B012E1A008EB0CA /* SubjectViewController.swift */; };
		8FDE84471B013111008EB0CA /* SubjectCell.swift in Sources */ = {isa = PBXBuildFile; fileRef = 8FDE84461B013111008EB0CA /* SubjectCell.swift */; };
		8FDE84491B013A5C008EB0CA /* MainNavigationController.swift in Sources */ = {isa = PBXBuildFile; fileRef = 8FDE84481B013A5C008EB0CA /* MainNavigationController.swift */; };
		8FDE84531B01412F008EB0CA /* CDManager.swift in Sources */ = {isa = PBXBuildFile; fileRef = 8FDE84521B01412F008EB0CA /* CDManager.swift */; };
		8FDE84551B014139008EB0CA /* ConnectionManager.swift in Sources */ = {isa = PBXBuildFile; fileRef = 8FDE84541B014139008EB0CA /* ConnectionManager.swift */; };
		8FDE84611B025C65008EB0CA /* SubjectCategoryViewController.swift in Sources */ = {isa = PBXBuildFile; fileRef = 8FDE84601B025C65008EB0CA /* SubjectCategoryViewController.swift */; };
		8FDE84661B025F88008EB0CA /* ContainerViewController.swift in Sources */ = {isa = PBXBuildFile; fileRef = 8FDE84651B025F88008EB0CA /* ContainerViewController.swift */; };
		8FDE84681B025FD0008EB0CA /* SideMenuViewController.swift in Sources */ = {isa = PBXBuildFile; fileRef = 8FDE84671B025FD0008EB0CA /* SideMenuViewController.swift */; };
		8FDE846A1B02600E008EB0CA /* CenterViewController.swift in Sources */ = {isa = PBXBuildFile; fileRef = 8FDE84691B02600E008EB0CA /* CenterViewController.swift */; };
		8FDE846E1B0503E7008EB0CA /* SubjectHeader.swift in Sources */ = {isa = PBXBuildFile; fileRef = 8FDE846D1B0503E7008EB0CA /* SubjectHeader.swift */; };
		8FE3AA7C1B13993A00AB176E /* PieGraph.swift in Sources */ = {isa = PBXBuildFile; fileRef = 8FE3AA7B1B13993A00AB176E /* PieGraph.swift */; };
		8FE3AA801B139FEC00AB176E /* BaseUIViewController.swift in Sources */ = {isa = PBXBuildFile; fileRef = 8FE3AA7F1B139FEC00AB176E /* BaseUIViewController.swift */; };
		8FEF4BC51B0A564800AE9709 /* Content1ViewController.swift in Sources */ = {isa = PBXBuildFile; fileRef = 8FEF4BC41B0A564800AE9709 /* Content1ViewController.swift */; };
		8FEF4BC71B0A565100AE9709 /* Content2ViewController.swift in Sources */ = {isa = PBXBuildFile; fileRef = 8FEF4BC61B0A565100AE9709 /* Content2ViewController.swift */; };
		8FEF4BC91B0A565A00AE9709 /* Content3ViewController.swift in Sources */ = {isa = PBXBuildFile; fileRef = 8FEF4BC81B0A565A00AE9709 /* Content3ViewController.swift */; };
		8FEF4BCB1B0A5C9900AE9709 /* UserProfileViewController.swift in Sources */ = {isa = PBXBuildFile; fileRef = 8FEF4BCA1B0A5C9900AE9709 /* UserProfileViewController.swift */; };
		8FEF4BCD1B0A669C00AE9709 /* SideMenuCell.swift in Sources */ = {isa = PBXBuildFile; fileRef = 8FEF4BCC1B0A669C00AE9709 /* SideMenuCell.swift */; };
		8FEF4BCF1B0A6E4600AE9709 /* BaseAnimatableCell.swift in Sources */ = {isa = PBXBuildFile; fileRef = 8FEF4BCE1B0A6E4600AE9709 /* BaseAnimatableCell.swift */; };
		D40258611B138EBB0067D86D /* QuizCell.swift in Sources */ = {isa = PBXBuildFile; fileRef = D40258601B138EBB0067D86D /* QuizCell.swift */; };
		D448A9361B0E527C00EBEB90 /* AnswerViewController.swift in Sources */ = {isa = PBXBuildFile; fileRef = D448A9351B0E527C00EBEB90 /* AnswerViewController.swift */; };
/* End PBXBuildFile section */

/* Begin PBXContainerItemProxy section */
		8FDE842E1B011AFD008EB0CA /* PBXContainerItemProxy */ = {
			isa = PBXContainerItemProxy;
			containerPortal = 8FDE840D1B011AFD008EB0CA /* Project object */;
			proxyType = 1;
			remoteGlobalIDString = 8FDE84141B011AFD008EB0CA;
			remoteInfo = MiniChallenge3;
		};
/* End PBXContainerItemProxy section */

/* Begin PBXFileReference section */
		51001B6F1B0CF167000F7BB1 /* Pergunta.swift */ = {isa = PBXFileReference; fileEncoding = 4; lastKnownFileType = sourcecode.swift; path = Pergunta.swift; sourceTree = "<group>"; };
		5115A0681B18D1B700184893 /* Usuario.swift */ = {isa = PBXFileReference; fileEncoding = 4; lastKnownFileType = sourcecode.swift; path = Usuario.swift; sourceTree = "<group>"; };
		5115A06A1B18D1B700184893 /* Opcao.swift */ = {isa = PBXFileReference; fileEncoding = 4; lastKnownFileType = sourcecode.swift; path = Opcao.swift; sourceTree = "<group>"; };
		5115A06C1B18D1B700184893 /* PerguntaC.swift */ = {isa = PBXFileReference; fileEncoding = 4; lastKnownFileType = sourcecode.swift; path = PerguntaC.swift; sourceTree = "<group>"; };
		5115A06E1B18D1B800184893 /* Exatas.swift */ = {isa = PBXFileReference; fileEncoding = 4; lastKnownFileType = sourcecode.swift; path = Exatas.swift; sourceTree = "<group>"; };
		5115A0701B18D55600184893 /* ExatasManager.swift */ = {isa = PBXFileReference; fileEncoding = 4; lastKnownFileType = sourcecode.swift; path = ExatasManager.swift; sourceTree = "<group>"; };
		5115A0721B18D7DB00184893 /* PerguntaCManager.swift */ = {isa = PBXFileReference; fileEncoding = 4; lastKnownFileType = sourcecode.swift; path = PerguntaCManager.swift; sourceTree = "<group>"; };
		5115A0741B18D8E800184893 /* OpcaoManager.swift */ = {isa = PBXFileReference; fileEncoding = 4; lastKnownFileType = sourcecode.swift; path = OpcaoManager.swift; sourceTree = "<group>"; };
		5142BDC91B0CFC88005375C6 /* Materia.swift */ = {isa = PBXFileReference; fileEncoding = 4; lastKnownFileType = sourcecode.swift; path = Materia.swift; sourceTree = "<group>"; };
		51628C031B0510250039DA34 /* Bolts.framework */ = {isa = PBXFileReference; lastKnownFileType = wrapper.framework; path = Bolts.framework; sourceTree = "<group>"; };
		51628C041B0510250039DA34 /* Parse.framework */ = {isa = PBXFileReference; lastKnownFileType = wrapper.framework; path = Parse.framework; sourceTree = "<group>"; };
		51628C051B0510250039DA34 /* ParseCrashReporting.framework */ = {isa = PBXFileReference; lastKnownFileType = wrapper.framework; path = ParseCrashReporting.framework; sourceTree = "<group>"; };
		51628C061B0510250039DA34 /* ParseFacebookUtils.framework */ = {isa = PBXFileReference; lastKnownFileType = wrapper.framework; path = ParseFacebookUtils.framework; sourceTree = "<group>"; };
		51628C071B0510250039DA34 /* ParseFacebookUtilsV4.framework */ = {isa = PBXFileReference; lastKnownFileType = wrapper.framework; path = ParseFacebookUtilsV4.framework; sourceTree = "<group>"; };
		51628C081B0510250039DA34 /* ParseUI.framework */ = {isa = PBXFileReference; lastKnownFileType = wrapper.framework; path = ParseUI.framework; sourceTree = "<group>"; };
		51628C0F1B05107A0039DA34 /* libstdc++.dylib */ = {isa = PBXFileReference; lastKnownFileType = "compiled.mach-o.dylib"; name = "libstdc++.dylib"; path = "usr/lib/libstdc++.dylib"; sourceTree = SDKROOT; };
		51628C111B0510850039DA34 /* MobileCoreServices.framework */ = {isa = PBXFileReference; lastKnownFileType = wrapper.framework; name = MobileCoreServices.framework; path = System/Library/Frameworks/MobileCoreServices.framework; sourceTree = SDKROOT; };
		51628C131B0510920039DA34 /* SystemConfiguration.framework */ = {isa = PBXFileReference; lastKnownFileType = wrapper.framework; name = SystemConfiguration.framework; path = System/Library/Frameworks/SystemConfiguration.framework; sourceTree = SDKROOT; };
		51628C151B05109A0039DA34 /* AudioToolbox.framework */ = {isa = PBXFileReference; lastKnownFileType = wrapper.framework; name = AudioToolbox.framework; path = System/Library/Frameworks/AudioToolbox.framework; sourceTree = SDKROOT; };
		51628C171B0510A70039DA34 /* libsqlite3.dylib */ = {isa = PBXFileReference; lastKnownFileType = "compiled.mach-o.dylib"; name = libsqlite3.dylib; path = usr/lib/libsqlite3.dylib; sourceTree = SDKROOT; };
		51628C191B0510FE0039DA34 /* MiniChallenge3-Bridging-Header.h */ = {isa = PBXFileReference; lastKnownFileType = sourcecode.c.h; path = "MiniChallenge3-Bridging-Header.h"; sourceTree = "<group>"; };
		51628C1A1B0510FE0039DA34 /* MiniChallenge3-Bridging-Header.m */ = {isa = PBXFileReference; fileEncoding = 4; lastKnownFileType = sourcecode.c.objc; path = "MiniChallenge3-Bridging-Header.m"; sourceTree = "<group>"; };
		51628C1C1B0511680039DA34 /* libz.dylib */ = {isa = PBXFileReference; lastKnownFileType = "compiled.mach-o.dylib"; name = libz.dylib; path = usr/lib/libz.dylib; sourceTree = SDKROOT; };
		51628C1E1B0511730039DA34 /* StoreKit.framework */ = {isa = PBXFileReference; lastKnownFileType = wrapper.framework; name = StoreKit.framework; path = System/Library/Frameworks/StoreKit.framework; sourceTree = SDKROOT; };
		51628C201B05117B0039DA34 /* Security.framework */ = {isa = PBXFileReference; lastKnownFileType = wrapper.framework; name = Security.framework; path = System/Library/Frameworks/Security.framework; sourceTree = SDKROOT; };
		51628C221B0511840039DA34 /* QuartzCore.framework */ = {isa = PBXFileReference; lastKnownFileType = wrapper.framework; name = QuartzCore.framework; path = System/Library/Frameworks/QuartzCore.framework; sourceTree = SDKROOT; };
		51628C251B0532DF0039DA34 /* CategoryCell.swift */ = {isa = PBXFileReference; fileEncoding = 4; lastKnownFileType = sourcecode.swift; path = CategoryCell.swift; sourceTree = "<group>"; };
		8F6360461B0D01B500DEEA09 /* Content2Cell.swift */ = {isa = PBXFileReference; fileEncoding = 4; lastKnownFileType = sourcecode.swift; path = Content2Cell.swift; sourceTree = "<group>"; };
		8F6360481B0D034300DEEA09 /* Content3Cell.swift */ = {isa = PBXFileReference; fileEncoding = 4; lastKnownFileType = sourcecode.swift; path = Content3Cell.swift; sourceTree = "<group>"; };
		8F6360AF1B0F98A500DEEA09 /* SwiftyJSON.swift */ = {isa = PBXFileReference; fileEncoding = 4; lastKnownFileType = sourcecode.swift; path = SwiftyJSON.swift; sourceTree = "<group>"; };
		8F6360B11B0F991400DEEA09 /* Config.swift */ = {isa = PBXFileReference; fileEncoding = 4; lastKnownFileType = sourcecode.swift; path = Config.swift; sourceTree = "<group>"; };
		8F86BD6E1B0CFB7B00C39AD0 /* Content1Cell.swift */ = {isa = PBXFileReference; fileEncoding = 4; lastKnownFileType = sourcecode.swift; path = Content1Cell.swift; sourceTree = "<group>"; };
		8F86BD701B0CFEE600C39AD0 /* QuizViewController.swift */ = {isa = PBXFileReference; fileEncoding = 4; lastKnownFileType = sourcecode.swift; path = QuizViewController.swift; sourceTree = "<group>"; };
		8FC5FB031B08E73600231470 /* ContentViewController.swift */ = {isa = PBXFileReference; fileEncoding = 4; lastKnownFileType = sourcecode.swift; path = ContentViewController.swift; sourceTree = "<group>"; };
		8FC5FB061B08EC7F00231470 /* TransitionManager.swift */ = {isa = PBXFileReference; fileEncoding = 4; lastKnownFileType = sourcecode.swift; path = TransitionManager.swift; sourceTree = "<group>"; };
		8FCD88DE1B18EFD000D33E0C /* QuizListViewController.swift */ = {isa = PBXFileReference; fileEncoding = 4; lastKnownFileType = sourcecode.swift; path = QuizListViewController.swift; sourceTree = "<group>"; };
		8FCD88E01B18F8D400D33E0C /* QuizListCell.swift */ = {isa = PBXFileReference; fileEncoding = 4; lastKnownFileType = sourcecode.swift; path = QuizListCell.swift; sourceTree = "<group>"; };
		8FCD88E21B18FA1B00D33E0C /* QuizListHeaderCell.swift */ = {isa = PBXFileReference; fileEncoding = 4; lastKnownFileType = sourcecode.swift; path = QuizListHeaderCell.swift; sourceTree = "<group>"; };
		8FDE84151B011AFD008EB0CA /* MiniChallenge3.app */ = {isa = PBXFileReference; explicitFileType = wrapper.application; includeInIndex = 0; path = MiniChallenge3.app; sourceTree = BUILT_PRODUCTS_DIR; };
		8FDE84191B011AFD008EB0CA /* Info.plist */ = {isa = PBXFileReference; lastKnownFileType = text.plist.xml; path = Info.plist; sourceTree = "<group>"; };
		8FDE841A1B011AFD008EB0CA /* AppDelegate.swift */ = {isa = PBXFileReference; lastKnownFileType = sourcecode.swift; path = AppDelegate.swift; sourceTree = "<group>"; };
		8FDE841D1B011AFD008EB0CA /* MiniChallenge3.xcdatamodel */ = {isa = PBXFileReference; lastKnownFileType = wrapper.xcdatamodel; path = MiniChallenge3.xcdatamodel; sourceTree = "<group>"; };
		8FDE84221B011AFD008EB0CA /* Base */ = {isa = PBXFileReference; lastKnownFileType = file.storyboard; name = Base; path = Base.lproj/Main.storyboard; sourceTree = "<group>"; };
		8FDE84241B011AFD008EB0CA /* Images.xcassets */ = {isa = PBXFileReference; lastKnownFileType = folder.assetcatalog; path = Images.xcassets; sourceTree = "<group>"; };
		8FDE84271B011AFD008EB0CA /* Base */ = {isa = PBXFileReference; lastKnownFileType = file.xib; name = Base; path = Base.lproj/LaunchScreen.xib; sourceTree = "<group>"; };
		8FDE842D1B011AFD008EB0CA /* MiniChallenge3Tests.xctest */ = {isa = PBXFileReference; explicitFileType = wrapper.cfbundle; includeInIndex = 0; path = MiniChallenge3Tests.xctest; sourceTree = BUILT_PRODUCTS_DIR; };
		8FDE84321B011AFD008EB0CA /* Info.plist */ = {isa = PBXFileReference; lastKnownFileType = text.plist.xml; path = Info.plist; sourceTree = "<group>"; };
		8FDE84331B011AFD008EB0CA /* MiniChallenge3Tests.swift */ = {isa = PBXFileReference; lastKnownFileType = sourcecode.swift; path = MiniChallenge3Tests.swift; sourceTree = "<group>"; };
		8FDE84401B012E1A008EB0CA /* SubjectViewController.swift */ = {isa = PBXFileReference; fileEncoding = 4; lastKnownFileType = sourcecode.swift; path = SubjectViewController.swift; sourceTree = "<group>"; };
		8FDE84461B013111008EB0CA /* SubjectCell.swift */ = {isa = PBXFileReference; fileEncoding = 4; lastKnownFileType = sourcecode.swift; path = SubjectCell.swift; sourceTree = "<group>"; };
		8FDE84481B013A5C008EB0CA /* MainNavigationController.swift */ = {isa = PBXFileReference; fileEncoding = 4; lastKnownFileType = sourcecode.swift; path = MainNavigationController.swift; sourceTree = "<group>"; };
		8FDE84521B01412F008EB0CA /* CDManager.swift */ = {isa = PBXFileReference; fileEncoding = 4; lastKnownFileType = sourcecode.swift; path = CDManager.swift; sourceTree = "<group>"; };
		8FDE84541B014139008EB0CA /* ConnectionManager.swift */ = {isa = PBXFileReference; fileEncoding = 4; lastKnownFileType = sourcecode.swift; path = ConnectionManager.swift; sourceTree = "<group>"; };
		8FDE84601B025C65008EB0CA /* SubjectCategoryViewController.swift */ = {isa = PBXFileReference; fileEncoding = 4; lastKnownFileType = sourcecode.swift; path = SubjectCategoryViewController.swift; sourceTree = "<group>"; };
		8FDE84651B025F88008EB0CA /* ContainerViewController.swift */ = {isa = PBXFileReference; fileEncoding = 4; lastKnownFileType = sourcecode.swift; path = ContainerViewController.swift; sourceTree = "<group>"; };
		8FDE84671B025FD0008EB0CA /* SideMenuViewController.swift */ = {isa = PBXFileReference; fileEncoding = 4; lastKnownFileType = sourcecode.swift; path = SideMenuViewController.swift; sourceTree = "<group>"; };
		8FDE84691B02600E008EB0CA /* CenterViewController.swift */ = {isa = PBXFileReference; fileEncoding = 4; lastKnownFileType = sourcecode.swift; path = CenterViewController.swift; sourceTree = "<group>"; };
		8FDE846D1B0503E7008EB0CA /* SubjectHeader.swift */ = {isa = PBXFileReference; fileEncoding = 4; lastKnownFileType = sourcecode.swift; path = SubjectHeader.swift; sourceTree = "<group>"; };
		8FE3AA7B1B13993A00AB176E /* PieGraph.swift */ = {isa = PBXFileReference; fileEncoding = 4; lastKnownFileType = sourcecode.swift; path = PieGraph.swift; sourceTree = "<group>"; };
		8FE3AA7F1B139FEC00AB176E /* BaseUIViewController.swift */ = {isa = PBXFileReference; fileEncoding = 4; lastKnownFileType = sourcecode.swift; path = BaseUIViewController.swift; sourceTree = "<group>"; };
		8FEF4BC41B0A564800AE9709 /* Content1ViewController.swift */ = {isa = PBXFileReference; fileEncoding = 4; lastKnownFileType = sourcecode.swift; path = Content1ViewController.swift; sourceTree = "<group>"; };
		8FEF4BC61B0A565100AE9709 /* Content2ViewController.swift */ = {isa = PBXFileReference; fileEncoding = 4; lastKnownFileType = sourcecode.swift; path = Content2ViewController.swift; sourceTree = "<group>"; };
		8FEF4BC81B0A565A00AE9709 /* Content3ViewController.swift */ = {isa = PBXFileReference; fileEncoding = 4; lastKnownFileType = sourcecode.swift; path = Content3ViewController.swift; sourceTree = "<group>"; };
		8FEF4BCA1B0A5C9900AE9709 /* UserProfileViewController.swift */ = {isa = PBXFileReference; fileEncoding = 4; lastKnownFileType = sourcecode.swift; path = UserProfileViewController.swift; sourceTree = "<group>"; };
		8FEF4BCC1B0A669C00AE9709 /* SideMenuCell.swift */ = {isa = PBXFileReference; fileEncoding = 4; lastKnownFileType = sourcecode.swift; path = SideMenuCell.swift; sourceTree = "<group>"; };
		8FEF4BCE1B0A6E4600AE9709 /* BaseAnimatableCell.swift */ = {isa = PBXFileReference; fileEncoding = 4; lastKnownFileType = sourcecode.swift; path = BaseAnimatableCell.swift; sourceTree = "<group>"; };
		D40258601B138EBB0067D86D /* QuizCell.swift */ = {isa = PBXFileReference; fileEncoding = 4; lastKnownFileType = sourcecode.swift; path = QuizCell.swift; sourceTree = "<group>"; };
		D448A9351B0E527C00EBEB90 /* AnswerViewController.swift */ = {isa = PBXFileReference; fileEncoding = 4; lastKnownFileType = sourcecode.swift; path = AnswerViewController.swift; sourceTree = "<group>"; };
/* End PBXFileReference section */

/* Begin PBXFrameworksBuildPhase section */
		8FDE84121B011AFD008EB0CA /* Frameworks */ = {
			isa = PBXFrameworksBuildPhase;
			buildActionMask = 2147483647;
			files = (
				51628C231B0511840039DA34 /* QuartzCore.framework in Frameworks */,
				51628C211B05117B0039DA34 /* Security.framework in Frameworks */,
				51628C1F1B0511730039DA34 /* StoreKit.framework in Frameworks */,
				51628C1D1B0511680039DA34 /* libz.dylib in Frameworks */,
				51628C181B0510A70039DA34 /* libsqlite3.dylib in Frameworks */,
				51628C161B05109A0039DA34 /* AudioToolbox.framework in Frameworks */,
				51628C141B0510920039DA34 /* SystemConfiguration.framework in Frameworks */,
				51628C121B0510850039DA34 /* MobileCoreServices.framework in Frameworks */,
				51628C101B05107A0039DA34 /* libstdc++.dylib in Frameworks */,
				51628C0E1B0510250039DA34 /* ParseUI.framework in Frameworks */,
				51628C0A1B0510250039DA34 /* Parse.framework in Frameworks */,
				51628C0B1B0510250039DA34 /* ParseCrashReporting.framework in Frameworks */,
				51628C0C1B0510250039DA34 /* ParseFacebookUtils.framework in Frameworks */,
				51628C091B0510250039DA34 /* Bolts.framework in Frameworks */,
				51628C0D1B0510250039DA34 /* ParseFacebookUtilsV4.framework in Frameworks */,
			);
			runOnlyForDeploymentPostprocessing = 0;
		};
		8FDE842A1B011AFD008EB0CA /* Frameworks */ = {
			isa = PBXFrameworksBuildPhase;
			buildActionMask = 2147483647;
			files = (
			);
			runOnlyForDeploymentPostprocessing = 0;
		};
/* End PBXFrameworksBuildPhase section */

/* Begin PBXGroup section */
		5125E5D91B14DB4D00C988E4 /* CoreData Managers */ = {
			isa = PBXGroup;
			children = (
				5115A0701B18D55600184893 /* ExatasManager.swift */,
				5115A0721B18D7DB00184893 /* PerguntaCManager.swift */,
				5115A0741B18D8E800184893 /* OpcaoManager.swift */,
			);
			name = "CoreData Managers";
			sourceTree = "<group>";
		};
		5125E5DC1B14DF4F00C988E4 /* CoreData Model */ = {
			isa = PBXGroup;
			children = (
				5115A06E1B18D1B800184893 /* Exatas.swift */,
				5115A06C1B18D1B700184893 /* PerguntaC.swift */,
				5115A06A1B18D1B700184893 /* Opcao.swift */,
				5115A0681B18D1B700184893 /* Usuario.swift */,
			);
			name = "CoreData Model";
			sourceTree = "<group>";
		};
		51628C241B0531F70039DA34 /* FrameWork */ = {
			isa = PBXGroup;
			children = (
				51628C221B0511840039DA34 /* QuartzCore.framework */,
				51628C201B05117B0039DA34 /* Security.framework */,
				51628C1E1B0511730039DA34 /* StoreKit.framework */,
				51628C1C1B0511680039DA34 /* libz.dylib */,
				51628C171B0510A70039DA34 /* libsqlite3.dylib */,
				51628C151B05109A0039DA34 /* AudioToolbox.framework */,
				51628C131B0510920039DA34 /* SystemConfiguration.framework */,
				51628C111B0510850039DA34 /* MobileCoreServices.framework */,
				51628C0F1B05107A0039DA34 /* libstdc++.dylib */,
				51628C031B0510250039DA34 /* Bolts.framework */,
				51628C041B0510250039DA34 /* Parse.framework */,
				51628C051B0510250039DA34 /* ParseCrashReporting.framework */,
				51628C061B0510250039DA34 /* ParseFacebookUtils.framework */,
				51628C081B0510250039DA34 /* ParseUI.framework */,
				51628C071B0510250039DA34 /* ParseFacebookUtilsV4.framework */,
			);
			name = FrameWork;
			sourceTree = "<group>";
		};
		8F6360AE1B0F989A00DEEA09 /* Utils */ = {
			isa = PBXGroup;
			children = (
				8F6360AF1B0F98A500DEEA09 /* SwiftyJSON.swift */,
				8FE3AA7B1B13993A00AB176E /* PieGraph.swift */,
			);
			name = Utils;
			sourceTree = "<group>";
		};
		8FC5FB051B08EC7100231470 /* Managers */ = {
			isa = PBXGroup;
			children = (
				8FC5FB061B08EC7F00231470 /* TransitionManager.swift */,
				8FDE84521B01412F008EB0CA /* CDManager.swift */,
				8FDE84541B014139008EB0CA /* ConnectionManager.swift */,
			);
			name = Managers;
			sourceTree = "<group>";
		};
		8FDE840C1B011AFD008EB0CA = {
			isa = PBXGroup;
			children = (
				51628C241B0531F70039DA34 /* FrameWork */,
				8FDE84171B011AFD008EB0CA /* MiniChallenge3 */,
				8FDE84301B011AFD008EB0CA /* MiniChallenge3Tests */,
				8FDE84161B011AFD008EB0CA /* Products */,
			);
			sourceTree = "<group>";
		};
		8FDE84161B011AFD008EB0CA /* Products */ = {
			isa = PBXGroup;
			children = (
				8FDE84151B011AFD008EB0CA /* MiniChallenge3.app */,
				8FDE842D1B011AFD008EB0CA /* MiniChallenge3Tests.xctest */,
			);
			name = Products;
			sourceTree = "<group>";
		};
		8FDE84171B011AFD008EB0CA /* MiniChallenge3 */ = {
			isa = PBXGroup;
			children = (
				8F6360AE1B0F989A00DEEA09 /* Utils */,
				8FC5FB051B08EC7100231470 /* Managers */,
				8FDE84641B025F7A008EB0CA /* Menu */,
				8FDE843F1B012B64008EB0CA /* Controllers */,
				8FDE843E1B012B4B008EB0CA /* Views */,
				8FDE843D1B012B41008EB0CA /* Models */,
				5125E5D91B14DB4D00C988E4 /* CoreData Managers */,
				5125E5DC1B14DF4F00C988E4 /* CoreData Model */,
				8FDE841A1B011AFD008EB0CA /* AppDelegate.swift */,
				8FDE84211B011AFD008EB0CA /* Main.storyboard */,
				8FDE84241B011AFD008EB0CA /* Images.xcassets */,
				8FDE84261B011AFD008EB0CA /* LaunchScreen.xib */,
				8FDE841C1B011AFD008EB0CA /* MiniChallenge3.xcdatamodeld */,
				8FDE84181B011AFD008EB0CA /* Supporting Files */,
				51628C1A1B0510FE0039DA34 /* MiniChallenge3-Bridging-Header.m */,
				51628C191B0510FE0039DA34 /* MiniChallenge3-Bridging-Header.h */,
			);
			path = MiniChallenge3;
			sourceTree = "<group>";
		};
		8FDE84181B011AFD008EB0CA /* Supporting Files */ = {
			isa = PBXGroup;
			children = (
				8FDE84191B011AFD008EB0CA /* Info.plist */,
			);
			name = "Supporting Files";
			sourceTree = "<group>";
		};
		8FDE84301B011AFD008EB0CA /* MiniChallenge3Tests */ = {
			isa = PBXGroup;
			children = (
				8FDE84331B011AFD008EB0CA /* MiniChallenge3Tests.swift */,
				8FDE84311B011AFD008EB0CA /* Supporting Files */,
			);
			path = MiniChallenge3Tests;
			sourceTree = "<group>";
		};
		8FDE84311B011AFD008EB0CA /* Supporting Files */ = {
			isa = PBXGroup;
			children = (
				8FDE84321B011AFD008EB0CA /* Info.plist */,
			);
			name = "Supporting Files";
			sourceTree = "<group>";
		};
		8FDE843D1B012B41008EB0CA /* Models */ = {
			isa = PBXGroup;
			children = (
				51001B6F1B0CF167000F7BB1 /* Pergunta.swift */,
				5142BDC91B0CFC88005375C6 /* Materia.swift */,
				8F6360B11B0F991400DEEA09 /* Config.swift */,
			);
			name = Models;
			sourceTree = "<group>";
		};
		8FDE843E1B012B4B008EB0CA /* Views */ = {
			isa = PBXGroup;
			children = (
				8FDE84461B013111008EB0CA /* SubjectCell.swift */,
				51628C251B0532DF0039DA34 /* CategoryCell.swift */,
				8FDE846D1B0503E7008EB0CA /* SubjectHeader.swift */,
				8FEF4BCC1B0A669C00AE9709 /* SideMenuCell.swift */,
				8FEF4BCE1B0A6E4600AE9709 /* BaseAnimatableCell.swift */,
				8F86BD6E1B0CFB7B00C39AD0 /* Content1Cell.swift */,
				8F6360461B0D01B500DEEA09 /* Content2Cell.swift */,
				8F6360481B0D034300DEEA09 /* Content3Cell.swift */,
				D40258601B138EBB0067D86D /* QuizCell.swift */,
				8FCD88E01B18F8D400D33E0C /* QuizListCell.swift */,
				8FCD88E21B18FA1B00D33E0C /* QuizListHeaderCell.swift */,
			);
			name = Views;
			sourceTree = "<group>";
		};
		8FDE843F1B012B64008EB0CA /* Controllers */ = {
			isa = PBXGroup;
			children = (
				8FDE84481B013A5C008EB0CA /* MainNavigationController.swift */,
				8FDE84401B012E1A008EB0CA /* SubjectViewController.swift */,
				8FDE84601B025C65008EB0CA /* SubjectCategoryViewController.swift */,
				8FC5FB031B08E73600231470 /* ContentViewController.swift */,
				8FEF4BC41B0A564800AE9709 /* Content1ViewController.swift */,
				8FEF4BC61B0A565100AE9709 /* Content2ViewController.swift */,
				8FEF4BC81B0A565A00AE9709 /* Content3ViewController.swift */,
				8FEF4BCA1B0A5C9900AE9709 /* UserProfileViewController.swift */,
				8F86BD701B0CFEE600C39AD0 /* QuizViewController.swift */,
				D448A9351B0E527C00EBEB90 /* AnswerViewController.swift */,
				8FE3AA7F1B139FEC00AB176E /* BaseUIViewController.swift */,
				8FCD88DE1B18EFD000D33E0C /* QuizListViewController.swift */,
			);
			name = Controllers;
			sourceTree = "<group>";
		};
		8FDE84641B025F7A008EB0CA /* Menu */ = {
			isa = PBXGroup;
			children = (
				8FDE84651B025F88008EB0CA /* ContainerViewController.swift */,
				8FDE84691B02600E008EB0CA /* CenterViewController.swift */,
				8FDE84671B025FD0008EB0CA /* SideMenuViewController.swift */,
			);
			name = Menu;
			sourceTree = "<group>";
		};
/* End PBXGroup section */

/* Begin PBXNativeTarget section */
		8FDE84141B011AFD008EB0CA /* MiniChallenge3 */ = {
			isa = PBXNativeTarget;
			buildConfigurationList = 8FDE84371B011AFD008EB0CA /* Build configuration list for PBXNativeTarget "MiniChallenge3" */;
			buildPhases = (
				8FDE84111B011AFD008EB0CA /* Sources */,
				8FDE84121B011AFD008EB0CA /* Frameworks */,
				8FDE84131B011AFD008EB0CA /* Resources */,
			);
			buildRules = (
			);
			dependencies = (
			);
			name = MiniChallenge3;
			productName = MiniChallenge3;
			productReference = 8FDE84151B011AFD008EB0CA /* MiniChallenge3.app */;
			productType = "com.apple.product-type.application";
		};
		8FDE842C1B011AFD008EB0CA /* MiniChallenge3Tests */ = {
			isa = PBXNativeTarget;
			buildConfigurationList = 8FDE843A1B011AFD008EB0CA /* Build configuration list for PBXNativeTarget "MiniChallenge3Tests" */;
			buildPhases = (
				8FDE84291B011AFD008EB0CA /* Sources */,
				8FDE842A1B011AFD008EB0CA /* Frameworks */,
				8FDE842B1B011AFD008EB0CA /* Resources */,
			);
			buildRules = (
			);
			dependencies = (
				8FDE842F1B011AFD008EB0CA /* PBXTargetDependency */,
			);
			name = MiniChallenge3Tests;
			productName = MiniChallenge3Tests;
			productReference = 8FDE842D1B011AFD008EB0CA /* MiniChallenge3Tests.xctest */;
			productType = "com.apple.product-type.bundle.unit-test";
		};
/* End PBXNativeTarget section */

/* Begin PBXProject section */
		8FDE840D1B011AFD008EB0CA /* Project object */ = {
			isa = PBXProject;
			attributes = {
				LastUpgradeCheck = 0630;
				ORGANIZATIONNAME = "William Hong Jun Cho";
				TargetAttributes = {
					8FDE84141B011AFD008EB0CA = {
						CreatedOnToolsVersion = 6.3.1;
					};
					8FDE842C1B011AFD008EB0CA = {
						CreatedOnToolsVersion = 6.3.1;
						TestTargetID = 8FDE84141B011AFD008EB0CA;
					};
				};
			};
			buildConfigurationList = 8FDE84101B011AFD008EB0CA /* Build configuration list for PBXProject "MiniChallenge3" */;
			compatibilityVersion = "Xcode 3.2";
			developmentRegion = English;
			hasScannedForEncodings = 0;
			knownRegions = (
				en,
				Base,
			);
			mainGroup = 8FDE840C1B011AFD008EB0CA;
			productRefGroup = 8FDE84161B011AFD008EB0CA /* Products */;
			projectDirPath = "";
			projectRoot = "";
			targets = (
				8FDE84141B011AFD008EB0CA /* MiniChallenge3 */,
				8FDE842C1B011AFD008EB0CA /* MiniChallenge3Tests */,
			);
		};
/* End PBXProject section */

/* Begin PBXResourcesBuildPhase section */
		8FDE84131B011AFD008EB0CA /* Resources */ = {
			isa = PBXResourcesBuildPhase;
			buildActionMask = 2147483647;
			files = (
				8FDE84231B011AFD008EB0CA /* Main.storyboard in Resources */,
				8FDE84281B011AFD008EB0CA /* LaunchScreen.xib in Resources */,
				8FDE84251B011AFD008EB0CA /* Images.xcassets in Resources */,
			);
			runOnlyForDeploymentPostprocessing = 0;
		};
		8FDE842B1B011AFD008EB0CA /* Resources */ = {
			isa = PBXResourcesBuildPhase;
			buildActionMask = 2147483647;
			files = (
			);
			runOnlyForDeploymentPostprocessing = 0;
		};
/* End PBXResourcesBuildPhase section */

/* Begin PBXSourcesBuildPhase section */
		8FDE84111B011AFD008EB0CA /* Sources */ = {
			isa = PBXSourcesBuildPhase;
			buildActionMask = 2147483647;
			files = (
				D40258611B138EBB0067D86D /* QuizCell.swift in Sources */,
				8FCD88E11B18F8D400D33E0C /* QuizListCell.swift in Sources */,
				8FDE84611B025C65008EB0CA /* SubjectCategoryViewController.swift in Sources */,
				8FDE84551B014139008EB0CA /* ConnectionManager.swift in Sources */,
				8FDE84491B013A5C008EB0CA /* MainNavigationController.swift in Sources */,
				8FDE846A1B02600E008EB0CA /* CenterViewController.swift in Sources */,
				8FDE846E1B0503E7008EB0CA /* SubjectHeader.swift in Sources */,
				5115A0711B18D55600184893 /* ExatasManager.swift in Sources */,
				5115A06B1B18D1B700184893 /* Opcao.swift in Sources */,
				8FEF4BC51B0A564800AE9709 /* Content1ViewController.swift in Sources */,
				8FDE84531B01412F008EB0CA /* CDManager.swift in Sources */,
				8FEF4BC71B0A565100AE9709 /* Content2ViewController.swift in Sources */,
				8FEF4BCF1B0A6E4600AE9709 /* BaseAnimatableCell.swift in Sources */,
				8FC5FB071B08EC7F00231470 /* TransitionManager.swift in Sources */,
				5115A0751B18D8E800184893 /* OpcaoManager.swift in Sources */,
				8FDE84471B013111008EB0CA /* SubjectCell.swift in Sources */,
				D448A9361B0E527C00EBEB90 /* AnswerViewController.swift in Sources */,
				8FEF4BCD1B0A669C00AE9709 /* SideMenuCell.swift in Sources */,
				8FC5FB041B08E73600231470 /* ContentViewController.swift in Sources */,
				8F86BD711B0CFEE700C39AD0 /* QuizViewController.swift in Sources */,
				8F6360491B0D034300DEEA09 /* Content3Cell.swift in Sources */,
				8FCD88E31B18FA1B00D33E0C /* QuizListHeaderCell.swift in Sources */,
				8FDE84411B012E1A008EB0CA /* SubjectViewController.swift in Sources */,
				8F6360B01B0F98A500DEEA09 /* SwiftyJSON.swift in Sources */,
				5115A06D1B18D1B700184893 /* PerguntaC.swift in Sources */,
				51001B701B0CF167000F7BB1 /* Pergunta.swift in Sources */,
				8FE3AA7C1B13993A00AB176E /* PieGraph.swift in Sources */,
				8FDE841E1B011AFD008EB0CA /* MiniChallenge3.xcdatamodeld in Sources */,
				5142BDCA1B0CFC88005375C6 /* Materia.swift in Sources */,
				51628C1B1B0510FE0039DA34 /* MiniChallenge3-Bridging-Header.m in Sources */,
				8FEF4BC91B0A565A00AE9709 /* Content3ViewController.swift in Sources */,
				8FEF4BCB1B0A5C9900AE9709 /* UserProfileViewController.swift in Sources */,
				8F86BD6F1B0CFB7B00C39AD0 /* Content1Cell.swift in Sources */,
				8FDE84661B025F88008EB0CA /* ContainerViewController.swift in Sources */,
				8FDE84681B025FD0008EB0CA /* SideMenuViewController.swift in Sources */,
				8FE3AA801B139FEC00AB176E /* BaseUIViewController.swift in Sources */,
				8FDE841B1B011AFD008EB0CA /* AppDelegate.swift in Sources */,
				8FCD88DF1B18EFD000D33E0C /* QuizListViewController.swift in Sources */,
				5115A0691B18D1B700184893 /* Usuario.swift in Sources */,
				5115A0731B18D7DB00184893 /* PerguntaCManager.swift in Sources */,
				8F6360B21B0F991400DEEA09 /* Config.swift in Sources */,
				5115A06F1B18D1B800184893 /* Exatas.swift in Sources */,
				8F6360471B0D01B500DEEA09 /* Content2Cell.swift in Sources */,
				51628C261B0532DF0039DA34 /* CategoryCell.swift in Sources */,
			);
			runOnlyForDeploymentPostprocessing = 0;
		};
		8FDE84291B011AFD008EB0CA /* Sources */ = {
			isa = PBXSourcesBuildPhase;
			buildActionMask = 2147483647;
			files = (
				8FDE84341B011AFD008EB0CA /* MiniChallenge3Tests.swift in Sources */,
			);
			runOnlyForDeploymentPostprocessing = 0;
		};
/* End PBXSourcesBuildPhase section */

/* Begin PBXTargetDependency section */
		8FDE842F1B011AFD008EB0CA /* PBXTargetDependency */ = {
			isa = PBXTargetDependency;
			target = 8FDE84141B011AFD008EB0CA /* MiniChallenge3 */;
			targetProxy = 8FDE842E1B011AFD008EB0CA /* PBXContainerItemProxy */;
		};
/* End PBXTargetDependency section */

/* Begin PBXVariantGroup section */
		8FDE84211B011AFD008EB0CA /* Main.storyboard */ = {
			isa = PBXVariantGroup;
			children = (
				8FDE84221B011AFD008EB0CA /* Base */,
			);
			name = Main.storyboard;
			sourceTree = "<group>";
		};
		8FDE84261B011AFD008EB0CA /* LaunchScreen.xib */ = {
			isa = PBXVariantGroup;
			children = (
				8FDE84271B011AFD008EB0CA /* Base */,
			);
			name = LaunchScreen.xib;
			sourceTree = "<group>";
		};
/* End PBXVariantGroup section */

/* Begin XCBuildConfiguration section */
		8FDE84351B011AFD008EB0CA /* Debug */ = {
			isa = XCBuildConfiguration;
			buildSettings = {
				ALWAYS_SEARCH_USER_PATHS = NO;
				CLANG_CXX_LANGUAGE_STANDARD = "gnu++0x";
				CLANG_CXX_LIBRARY = "libc++";
				CLANG_ENABLE_MODULES = YES;
				CLANG_ENABLE_OBJC_ARC = YES;
				CLANG_WARN_BOOL_CONVERSION = YES;
				CLANG_WARN_CONSTANT_CONVERSION = YES;
				CLANG_WARN_DIRECT_OBJC_ISA_USAGE = YES_ERROR;
				CLANG_WARN_EMPTY_BODY = YES;
				CLANG_WARN_ENUM_CONVERSION = YES;
				CLANG_WARN_INT_CONVERSION = YES;
				CLANG_WARN_OBJC_ROOT_CLASS = YES_ERROR;
				CLANG_WARN_UNREACHABLE_CODE = YES;
				CLANG_WARN__DUPLICATE_METHOD_MATCH = YES;
				"CODE_SIGN_IDENTITY[sdk=iphoneos*]" = "iPhone Developer";
				COPY_PHASE_STRIP = NO;
				DEBUG_INFORMATION_FORMAT = "dwarf-with-dsym";
				ENABLE_STRICT_OBJC_MSGSEND = YES;
				GCC_C_LANGUAGE_STANDARD = gnu99;
				GCC_DYNAMIC_NO_PIC = NO;
				GCC_NO_COMMON_BLOCKS = YES;
				GCC_OPTIMIZATION_LEVEL = 0;
				GCC_PREPROCESSOR_DEFINITIONS = (
					"DEBUG=1",
					"$(inherited)",
				);
				GCC_SYMBOLS_PRIVATE_EXTERN = NO;
				GCC_WARN_64_TO_32_BIT_CONVERSION = YES;
				GCC_WARN_ABOUT_RETURN_TYPE = YES_ERROR;
				GCC_WARN_UNDECLARED_SELECTOR = YES;
				GCC_WARN_UNINITIALIZED_AUTOS = YES_AGGRESSIVE;
				GCC_WARN_UNUSED_FUNCTION = YES;
				GCC_WARN_UNUSED_VARIABLE = YES;
				IPHONEOS_DEPLOYMENT_TARGET = 8.3;
				MTL_ENABLE_DEBUG_INFO = YES;
				ONLY_ACTIVE_ARCH = YES;
				SDKROOT = iphoneos;
				SWIFT_OPTIMIZATION_LEVEL = "-Onone";
				TARGETED_DEVICE_FAMILY = "1,2";
			};
			name = Debug;
		};
		8FDE84361B011AFD008EB0CA /* Release */ = {
			isa = XCBuildConfiguration;
			buildSettings = {
				ALWAYS_SEARCH_USER_PATHS = NO;
				CLANG_CXX_LANGUAGE_STANDARD = "gnu++0x";
				CLANG_CXX_LIBRARY = "libc++";
				CLANG_ENABLE_MODULES = YES;
				CLANG_ENABLE_OBJC_ARC = YES;
				CLANG_WARN_BOOL_CONVERSION = YES;
				CLANG_WARN_CONSTANT_CONVERSION = YES;
				CLANG_WARN_DIRECT_OBJC_ISA_USAGE = YES_ERROR;
				CLANG_WARN_EMPTY_BODY = YES;
				CLANG_WARN_ENUM_CONVERSION = YES;
				CLANG_WARN_INT_CONVERSION = YES;
				CLANG_WARN_OBJC_ROOT_CLASS = YES_ERROR;
				CLANG_WARN_UNREACHABLE_CODE = YES;
				CLANG_WARN__DUPLICATE_METHOD_MATCH = YES;
				"CODE_SIGN_IDENTITY[sdk=iphoneos*]" = "iPhone Developer";
				COPY_PHASE_STRIP = NO;
				DEBUG_INFORMATION_FORMAT = "dwarf-with-dsym";
				ENABLE_NS_ASSERTIONS = NO;
				ENABLE_STRICT_OBJC_MSGSEND = YES;
				GCC_C_LANGUAGE_STANDARD = gnu99;
				GCC_NO_COMMON_BLOCKS = YES;
				GCC_WARN_64_TO_32_BIT_CONVERSION = YES;
				GCC_WARN_ABOUT_RETURN_TYPE = YES_ERROR;
				GCC_WARN_UNDECLARED_SELECTOR = YES;
				GCC_WARN_UNINITIALIZED_AUTOS = YES_AGGRESSIVE;
				GCC_WARN_UNUSED_FUNCTION = YES;
				GCC_WARN_UNUSED_VARIABLE = YES;
				IPHONEOS_DEPLOYMENT_TARGET = 8.3;
				MTL_ENABLE_DEBUG_INFO = NO;
				SDKROOT = iphoneos;
				TARGETED_DEVICE_FAMILY = "1,2";
				VALIDATE_PRODUCT = YES;
			};
			name = Release;
		};
		8FDE84381B011AFD008EB0CA /* Debug */ = {
			isa = XCBuildConfiguration;
			buildSettings = {
				ASSETCATALOG_COMPILER_APPICON_NAME = AppIcon;
				CLANG_ENABLE_MODULES = YES;
				FRAMEWORK_SEARCH_PATHS = (
					"$(inherited)",
					"$(PROJECT_DIR)",
				);
				INFOPLIST_FILE = MiniChallenge3/Info.plist;
				LD_RUNPATH_SEARCH_PATHS = "$(inherited) @executable_path/Frameworks";
				PRODUCT_NAME = "$(TARGET_NAME)";
				SWIFT_OBJC_BRIDGING_HEADER = "MiniChallenge3/MiniChallenge3-Bridging-Header.h";
				SWIFT_OPTIMIZATION_LEVEL = "-Onone";
			};
			name = Debug;
		};
		8FDE84391B011AFD008EB0CA /* Release */ = {
			isa = XCBuildConfiguration;
			buildSettings = {
				ASSETCATALOG_COMPILER_APPICON_NAME = AppIcon;
				CLANG_ENABLE_MODULES = YES;
				FRAMEWORK_SEARCH_PATHS = (
					"$(inherited)",
					"$(PROJECT_DIR)",
				);
				INFOPLIST_FILE = MiniChallenge3/Info.plist;
				LD_RUNPATH_SEARCH_PATHS = "$(inherited) @executable_path/Frameworks";
				PRODUCT_NAME = "$(TARGET_NAME)";
				SWIFT_OBJC_BRIDGING_HEADER = "MiniChallenge3/MiniChallenge3-Bridging-Header.h";
			};
			name = Release;
		};
		8FDE843B1B011AFD008EB0CA /* Debug */ = {
			isa = XCBuildConfiguration;
			buildSettings = {
				BUNDLE_LOADER = "$(TEST_HOST)";
				FRAMEWORK_SEARCH_PATHS = (
					"$(SDKROOT)/Developer/Library/Frameworks",
					"$(inherited)",
				);
				GCC_PREPROCESSOR_DEFINITIONS = (
					"DEBUG=1",
					"$(inherited)",
				);
				INFOPLIST_FILE = MiniChallenge3Tests/Info.plist;
				LD_RUNPATH_SEARCH_PATHS = "$(inherited) @executable_path/Frameworks @loader_path/Frameworks";
				PRODUCT_NAME = "$(TARGET_NAME)";
				TEST_HOST = "$(BUILT_PRODUCTS_DIR)/MiniChallenge3.app/MiniChallenge3";
			};
			name = Debug;
		};
		8FDE843C1B011AFD008EB0CA /* Release */ = {
			isa = XCBuildConfiguration;
			buildSettings = {
				BUNDLE_LOADER = "$(TEST_HOST)";
				FRAMEWORK_SEARCH_PATHS = (
					"$(SDKROOT)/Developer/Library/Frameworks",
					"$(inherited)",
				);
				INFOPLIST_FILE = MiniChallenge3Tests/Info.plist;
				LD_RUNPATH_SEARCH_PATHS = "$(inherited) @executable_path/Frameworks @loader_path/Frameworks";
				PRODUCT_NAME = "$(TARGET_NAME)";
				TEST_HOST = "$(BUILT_PRODUCTS_DIR)/MiniChallenge3.app/MiniChallenge3";
			};
			name = Release;
		};
/* End XCBuildConfiguration section */

/* Begin XCConfigurationList section */
		8FDE84101B011AFD008EB0CA /* Build configuration list for PBXProject "MiniChallenge3" */ = {
			isa = XCConfigurationList;
			buildConfigurations = (
				8FDE84351B011AFD008EB0CA /* Debug */,
				8FDE84361B011AFD008EB0CA /* Release */,
			);
			defaultConfigurationIsVisible = 0;
			defaultConfigurationName = Release;
		};
		8FDE84371B011AFD008EB0CA /* Build configuration list for PBXNativeTarget "MiniChallenge3" */ = {
			isa = XCConfigurationList;
			buildConfigurations = (
				8FDE84381B011AFD008EB0CA /* Debug */,
				8FDE84391B011AFD008EB0CA /* Release */,
			);
			defaultConfigurationIsVisible = 0;
			defaultConfigurationName = Release;
		};
		8FDE843A1B011AFD008EB0CA /* Build configuration list for PBXNativeTarget "MiniChallenge3Tests" */ = {
			isa = XCConfigurationList;
			buildConfigurations = (
				8FDE843B1B011AFD008EB0CA /* Debug */,
				8FDE843C1B011AFD008EB0CA /* Release */,
			);
			defaultConfigurationIsVisible = 0;
			defaultConfigurationName = Release;
		};
/* End XCConfigurationList section */

/* Begin XCVersionGroup section */
		8FDE841C1B011AFD008EB0CA /* MiniChallenge3.xcdatamodeld */ = {
			isa = XCVersionGroup;
			children = (
				8FDE841D1B011AFD008EB0CA /* MiniChallenge3.xcdatamodel */,
			);
			currentVersion = 8FDE841D1B011AFD008EB0CA /* MiniChallenge3.xcdatamodel */;
			path = MiniChallenge3.xcdatamodeld;
			sourceTree = "<group>";
			versionGroupType = wrapper.xcdatamodel;
		};
/* End XCVersionGroup section */
	};
	rootObject = 8FDE840D1B011AFD008EB0CA /* Project object */;
}
